
Microsoft Visual Studio Solution File, Format Version 12.00
# Visual Studio Version 17
VisualStudioVersion = 17.5.33424.131
MinimumVisualStudioVersion = 10.0.40219.1
Project("{F184B08F-C81C-45F6-A57F-5ABD9991F28F}") = "Reportes", "Reportes.vbproj", "{0175D22D-97F1-407D-902C-9CD0036AB713}"
EndProject
Global
	GlobalSection(SolutionConfigurationPlatforms) = preSolution
		Debug|Any CPU = Debug|Any CPU
		Release|Any CPU = Release|Any CPU
	EndGlobalSection
	GlobalSection(ProjectConfigurationPlatforms) = postSolution
		{0175D22D-97F1-407D-902C-9CD0036AB713}.Debug|Any CPU.ActiveCfg = Debug|Any CPU
		{0175D22D-97F1-407D-902C-9CD0036AB713}.Debug|Any CPU.Build.0 = Debug|Any CPU
		{0175D22D-97F1-407D-902C-9CD0036AB713}.Release|Any CPU.ActiveCfg = Release|Any CPU
		{0175D22D-97F1-407D-902C-9CD0036AB713}.Release|Any CPU.Build.0 = Release|Any CPU
	EndGlobalSection
	GlobalSection(SolutionProperties) = preSolution
		HideSolutionNode = FALSE
	EndGlobalSection
	GlobalSection(ExtensibilityGlobals) = postSolution
		SolutionGuid = {8CD8A510-CB27-4072-9444-D139C1A16603}
	EndGlobalSection
EndGlobal
